
Microsoft Visual Studio Solution File, Format Version 12.00
# 
Project("{FAE04EC0-301F-11D3-BF4B-00C04F79EFBC}") = "bazinga-game", "bazinga-game\bazinga-game.csproj", "{AFCDCC23-D7E6-4F75-ACE5-1E235C6C6B30}"
EndProject
Project("{FAE04EC0-301F-11D3-BF4B-00C04F79EFBC}") = "BazingaGame.Tests", "BazingaGame.Tests\BazingaGame.Tests.csproj", "{6B8B531E-F6D2-4750-A5AC-EEA1350B18F2}"
EndProject
Global
	GlobalSection(SolutionConfigurationPlatforms) = preSolution
		Debug|Any CPU = Debug|Any CPU
		Release|Any CPU = Release|Any CPU
	EndGlobalSection
	GlobalSection(ProjectConfigurationPlatforms) = postSolution
		{AFCDCC23-D7E6-4F75-ACE5-1E235C6C6B30}.Debug|Any CPU.ActiveCfg = Debug|Any CPU
		{AFCDCC23-D7E6-4F75-ACE5-1E235C6C6B30}.Debug|Any CPU.Build.0 = Debug|Any CPU
		{AFCDCC23-D7E6-4F75-ACE5-1E235C6C6B30}.Release|Any CPU.ActiveCfg = Release|Any CPU
		{AFCDCC23-D7E6-4F75-ACE5-1E235C6C6B30}.Release|Any CPU.Build.0 = Release|Any CPU
		{6B8B531E-F6D2-4750-A5AC-EEA1350B18F2}.Debug|Any CPU.ActiveCfg = Debug|Any CPU
		{6B8B531E-F6D2-4750-A5AC-EEA1350B18F2}.Debug|Any CPU.Build.0 = Debug|Any CPU
		{6B8B531E-F6D2-4750-A5AC-EEA1350B18F2}.Release|Any CPU.ActiveCfg = Release|Any CPU
		{6B8B531E-F6D2-4750-A5AC-EEA1350B18F2}.Release|Any CPU.Build.0 = Release|Any CPU
	EndGlobalSection
EndGlobal
